
Microsoft Visual Studio Solution File, Format Version 12.00
# Visual Studio 15
VisualStudioVersion = 15.0.26430.13
MinimumVisualStudioVersion = 10.0.40219.1
Project("{FAE04EC0-301F-11D3-BF4B-00C04F79EFBC}") = "ProcessNote", "ProcessNote\ProcessNote.csproj", "{78D56F04-3FCC-4947-884E-D3553711C547}"
EndProject
Project("{FAE04EC0-301F-11D3-BF4B-00C04F79EFBC}") = "ClassLibrary1", "ClassLibrary1\ClassLibrary1.csproj", "{74AA53E3-9CF2-4D87-BDE0-2DC4B3E9FBBE}"
EndProject
Project("{2150E333-8FDC-42A3-9474-1A3956D46DE8}") = "Solution Items", "Solution Items", "{E286F077-DAB4-4A23-8286-1C15537D4AE4}"
	ProjectSection(SolutionItems) = preProject
		ProcessNote\HAR.ico = ProcessNote\HAR.ico
	EndProjectSection
EndProject
Global
	GlobalSection(SolutionConfigurationPlatforms) = preSolution
		Debug|Any CPU = Debug|Any CPU
		Release|Any CPU = Release|Any CPU
	EndGlobalSection
	GlobalSection(ProjectConfigurationPlatforms) = postSolution
		{78D56F04-3FCC-4947-884E-D3553711C547}.Debug|Any CPU.ActiveCfg = Debug|Any CPU
		{78D56F04-3FCC-4947-884E-D3553711C547}.Debug|Any CPU.Build.0 = Debug|Any CPU
		{78D56F04-3FCC-4947-884E-D3553711C547}.Release|Any CPU.ActiveCfg = Release|Any CPU
		{78D56F04-3FCC-4947-884E-D3553711C547}.Release|Any CPU.Build.0 = Release|Any CPU
		{74AA53E3-9CF2-4D87-BDE0-2DC4B3E9FBBE}.Debug|Any CPU.ActiveCfg = Debug|Any CPU
		{74AA53E3-9CF2-4D87-BDE0-2DC4B3E9FBBE}.Debug|Any CPU.Build.0 = Debug|Any CPU
		{74AA53E3-9CF2-4D87-BDE0-2DC4B3E9FBBE}.Release|Any CPU.ActiveCfg = Release|Any CPU
		{74AA53E3-9CF2-4D87-BDE0-2DC4B3E9FBBE}.Release|Any CPU.Build.0 = Release|Any CPU
	EndGlobalSection
	GlobalSection(SolutionProperties) = preSolution
		HideSolutionNode = FALSE
	EndGlobalSection
EndGlobal
